// !$*UTF8*$!
{
	archiveVersion = 1;
	classes = {
	};
	objectVersion = 50;
	objects = {

/* Begin PBXBuildFile section */
		F5D5E9562367E4A4002BDCBA /* AppDelegate.m in Sources */ = {isa = PBXBuildFile; fileRef = F5D5E9552367E4A4002BDCBA /* AppDelegate.m */; };
		F5D5E9592367E4A4002BDCBA /* ViewController.m in Sources */ = {isa = PBXBuildFile; fileRef = F5D5E9582367E4A4002BDCBA /* ViewController.m */; };
		F5D5E95C2367E4A4002BDCBA /* Main.storyboard in Resources */ = {isa = PBXBuildFile; fileRef = F5D5E95A2367E4A4002BDCBA /* Main.storyboard */; };
		F5D5E95E2367E4B5002BDCBA /* Assets.xcassets in Resources */ = {isa = PBXBuildFile; fileRef = F5D5E95D2367E4B5002BDCBA /* Assets.xcassets */; };
		F5D5E9612367E4B5002BDCBA /* LaunchScreen.storyboard in Resources */ = {isa = PBXBuildFile; fileRef = F5D5E95F2367E4B5002BDCBA /* LaunchScreen.storyboard */; };
		F5D5E9642367E4B5002BDCBA /* main.m in Sources */ = {isa = PBXBuildFile; fileRef = F5D5E9632367E4B5002BDCBA /* main.m */; };
		F5D5E96D2367E9F3002BDCBA /* SecondViewController.m in Sources */ = {isa = PBXBuildFile; fileRef = F5D5E96C2367E9F3002BDCBA /* SecondViewController.m */; };
/* End PBXBuildFile section */

/* Begin PBXFileReference section */
		F5D5E9512367E4A4002BDCBA /* CreateEveryKindFilesDemo.app */ = {isa = PBXFileReference; explicitFileType = wrapper.application; includeInIndex = 0; path = CreateEveryKindFilesDemo.app; sourceTree = BUILT_PRODUCTS_DIR; };
		F5D5E9542367E4A4002BDCBA /* AppDelegate.h */ = {isa = PBXFileReference; lastKnownFileType = sourcecode.c.h; path = AppDelegate.h; sourceTree = "<group>"; };
		F5D5E9552367E4A4002BDCBA /* AppDelegate.m */ = {isa = PBXFileReference; lastKnownFileType = sourcecode.c.objc; path = AppDelegate.m; sourceTree = "<group>"; };
		F5D5E9572367E4A4002BDCBA /* ViewController.h */ = {isa = PBXFileReference; lastKnownFileType = sourcecode.c.h; path = ViewController.h; sourceTree = "<group>"; };
		F5D5E9582367E4A4002BDCBA /* ViewController.m */ = {isa = PBXFileReference; lastKnownFileType = sourcecode.c.objc; path = ViewController.m; sourceTree = "<group>"; };
		F5D5E95B2367E4A4002BDCBA /* Base */ = {isa = PBXFileReference; lastKnownFileType = file.storyboard; name = Base; path = Base.lproj/Main.storyboard; sourceTree = "<group>"; };
		F5D5E95D2367E4B5002BDCBA /* Assets.xcassets */ = {isa = PBXFileReference; lastKnownFileType = folder.assetcatalog; path = Assets.xcassets; sourceTree = "<group>"; };
		F5D5E9602367E4B5002BDCBA /* Base */ = {isa = PBXFileReference; lastKnownFileType = file.storyboard; name = Base; path = Base.lproj/LaunchScreen.storyboard; sourceTree = "<group>"; };
		F5D5E9622367E4B5002BDCBA /* Info.plist */ = {isa = PBXFileReference; lastKnownFileType = text.plist.xml; path = Info.plist; sourceTree = "<group>"; };
		F5D5E9632367E4B5002BDCBA /* main.m */ = {isa = PBXFileReference; lastKnownFileType = sourcecode.c.objc; path = main.m; sourceTree = "<group>"; };
		F5D5E96A2367E50A002BDCBA /* TestProtocolFile.h */ = {isa = PBXFileReference; lastKnownFileType = sourcecode.c.h; path = TestProtocolFile.h; sourceTree = "<group>"; };
		F5D5E96B2367E9F3002BDCBA /* SecondViewController.h */ = {isa = PBXFileReference; lastKnownFileType = sourcecode.c.h; path = SecondViewController.h; sourceTree = "<group>"; };
		F5D5E96C2367E9F3002BDCBA /* SecondViewController.m */ = {isa = PBXFileReference; lastKnownFileType = sourcecode.c.objc; path = SecondViewController.m; sourceTree = "<group>"; };
/* End PBXFileReference section */

/* Begin PBXFrameworksBuildPhase section */
		F5D5E94E2367E4A4002BDCBA /* Frameworks */ = {
			isa = PBXFrameworksBuildPhase;
			buildActionMask = 2147483647;
			files = (
			);
			runOnlyForDeploymentPostprocessing = 0;
		};
/* End PBXFrameworksBuildPhase section */

/* Begin PBXGroup section */
		F5D5E9482367E4A4002BDCBA = {
			isa = PBXGroup;
			children = (
				F5D5E9532367E4A4002BDCBA /* CreateEveryKindFilesDemo */,
				F5D5E9522367E4A4002BDCBA /* Products */,
			);
			sourceTree = "<group>";
		};
		F5D5E9522367E4A4002BDCBA /* Products */ = {
			isa = PBXGroup;
			children = (
				F5D5E9512367E4A4002BDCBA /* CreateEveryKindFilesDemo.app */,
			);
			name = Products;
			sourceTree = "<group>";
		};
		F5D5E9532367E4A4002BDCBA /* CreateEveryKindFilesDemo */ = {
			isa = PBXGroup;
			children = (
				F5D5E9542367E4A4002BDCBA /* AppDelegate.h */,
				F5D5E9552367E4A4002BDCBA /* AppDelegate.m */,
				F5D5E9572367E4A4002BDCBA /* ViewController.h */,
				F5D5E9582367E4A4002BDCBA /* ViewController.m */,
				F5D5E96B2367E9F3002BDCBA /* SecondViewController.h */,
				F5D5E96C2367E9F3002BDCBA /* SecondViewController.m */,
				F5D5E96A2367E50A002BDCBA /* TestProtocolFile.h */,
				F5D5E95A2367E4A4002BDCBA /* Main.storyboard */,
				F5D5E95D2367E4B5002BDCBA /* Assets.xcassets */,
				F5D5E95F2367E4B5002BDCBA /* LaunchScreen.storyboard */,
				F5D5E9622367E4B5002BDCBA /* Info.plist */,
				F5D5E9632367E4B5002BDCBA /* main.m */,
			);
			path = CreateEveryKindFilesDemo;
			sourceTree = "<group>";
		};
/* End PBXGroup section */

/* Begin PBXNativeTarget section */
		F5D5E9502367E4A4002BDCBA /* CreateEveryKindFilesDemo */ = {
			isa = PBXNativeTarget;
			buildConfigurationList = F5D5E9672367E4B5002BDCBA /* Build configuration list for PBXNativeTarget "CreateEveryKindFilesDemo" */;
			buildPhases = (
				F5D5E94D2367E4A4002BDCBA /* Sources */,
				F5D5E94E2367E4A4002BDCBA /* Frameworks */,
				F5D5E94F2367E4A4002BDCBA /* Resources */,
			);
			buildRules = (
			);
			dependencies = (
			);
			name = CreateEveryKindFilesDemo;
			productName = CreateEveryKindFilesDemo;
			productReference = F5D5E9512367E4A4002BDCBA /* CreateEveryKindFilesDemo.app */;
			productType = "com.apple.product-type.application";
		};
/* End PBXNativeTarget section */

/* Begin PBXProject section */
		F5D5E9492367E4A4002BDCBA /* Project object */ = {
			isa = PBXProject;
			attributes = {
				LastUpgradeCheck = 0930;
				ORGANIZATIONNAME = xumxum;
				TargetAttributes = {
					F5D5E9502367E4A4002BDCBA = {
						CreatedOnToolsVersion = 9.3;
					};
				};
			};
			buildConfigurationList = F5D5E94C2367E4A4002BDCBA /* Build configuration list for PBXProject "CreateEveryKindFilesDemo" */;
			compatibilityVersion = "Xcode 9.3";
			developmentRegion = en;
			hasScannedForEncodings = 0;
			knownRegions = (
				en,
				Base,
			);
			mainGroup = F5D5E9482367E4A4002BDCBA;
			productRefGroup = F5D5E9522367E4A4002BDCBA /* Products */;
			projectDirPath = "";
			projectRoot = "";
			targets = (
				F5D5E9502367E4A4002BDCBA /* CreateEveryKindFilesDemo */,
			);
		};
/* End PBXProject section */

/* Begin PBXResourcesBuildPhase section */
		F5D5E94F2367E4A4002BDCBA /* Resources */ = {
			isa = PBXResourcesBuildPhase;
			buildActionMask = 2147483647;
			files = (
				F5D5E9612367E4B5002BDCBA /* LaunchScreen.storyboard in Resources */,
				F5D5E95E2367E4B5002BDCBA /* Assets.xcassets in Resources */,
				F5D5E95C2367E4A4002BDCBA /* Main.storyboard in Resources */,
			);
			runOnlyForDeploymentPostprocessing = 0;
		};
/* End PBXResourcesBuildPhase section */

/* Begin PBXSourcesBuildPhase section */
		F5D5E94D2367E4A4002BDCBA /* Sources */ = {
			isa = PBXSourcesBuildPhase;
			buildActionMask = 2147483647;
			files = (
				F5D5E96D2367E9F3002BDCBA /* SecondViewController.m in Sources */,
				F5D5E9592367E4A4002BDCBA /* ViewController.m in Sources */,
				F5D5E9642367E4B5002BDCBA /* main.m in Sources */,
				F5D5E9562367E4A4002BDCBA /* AppDelegate.m in Sources */,
			);
			runOnlyForDeploymentPostprocessing = 0;
		};
/* End PBXSourcesBuildPhase section */

/* Begin PBXVariantGroup section */
		F5D5E95A2367E4A4002BDCBA /* Main.storyboard */ = {
			isa = PBXVariantGroup;
			children = (
				F5D5E95B2367E4A4002BDCBA /* Base */,
			);
			name = Main.storyboard;
			sourceTree = "<group>";
		};
		F5D5E95F2367E4B5002BDCBA /* LaunchScreen.storyboard */ = {
			isa = PBXVariantGroup;
			children = (
				F5D5E9602367E4B5002BDCBA /* Base */,
			);
			name = LaunchScreen.storyboard;
			sourceTree = "<group>";
		};
/* End PBXVariantGroup section */

/* Begin XCBuildConfiguration section */
		F5D5E9652367E4B5002BDCBA /* Debug */ = {
			isa = XCBuildConfiguration;
			buildSettings = {
				ALWAYS_SEARCH_USER_PATHS = NO;
				CLANG_ANALYZER_NONNULL = YES;
				CLANG_ANALYZER_NUMBER_OBJECT_CONVERSION = YES_AGGRESSIVE;
				CLANG_CXX_LANGUAGE_STANDARD = "gnu++14";
				CLANG_CXX_LIBRARY = "libc++";
				CLANG_ENABLE_MODULES = YES;
				CLANG_ENABLE_OBJC_ARC = YES;
				CLANG_ENABLE_OBJC_WEAK = YES;
				CLANG_WARN_BLOCK_CAPTURE_AUTORELEASING = YES;
				CLANG_WARN_BOOL_CONVERSION = YES;
				CLANG_WARN_COMMA = YES;
				CLANG_WARN_CONSTANT_CONVERSION = YES;
				CLANG_WARN_DEPRECATED_OBJC_IMPLEMENTATIONS = YES;
				CLANG_WARN_DIRECT_OBJC_ISA_USAGE = YES_ERROR;
				CLANG_WARN_DOCUMENTATION_COMMENTS = YES;
				CLANG_WARN_EMPTY_BODY = YES;
				CLANG_WARN_ENUM_CONVERSION = YES;
				CLANG_WARN_INFINITE_RECURSION = YES;
				CLANG_WARN_INT_CONVERSION = YES;
				CLANG_WARN_NON_LITERAL_NULL_CONVERSION = YES;
				CLANG_WARN_OBJC_IMPLICIT_RETAIN_SELF = YES;
				CLANG_WARN_OBJC_LITERAL_CONVERSION = YES;
				CLANG_WARN_OBJC_ROOT_CLASS = YES_ERROR;
				CLANG_WARN_RANGE_LOOP_ANALYSIS = YES;
				CLANG_WARN_STRICT_PROTOTYPES = YES;
				CLANG_WARN_SUSPICIOUS_MOVE = YES;
				CLANG_WARN_UNGUARDED_AVAILABILITY = YES_AGGRESSIVE;
				CLANG_WARN_UNREACHABLE_CODE = YES;
				CLANG_WARN__DUPLICATE_METHOD_MATCH = YES;
				CODE_SIGN_IDENTITY = "iPhone Developer";
				COPY_PHASE_STRIP = NO;
				DEBUG_INFORMATION_FORMAT = dwarf;
				ENABLE_STRICT_OBJC_MSGSEND = YES;
				ENABLE_TESTABILITY = YES;
				GCC_C_LANGUAGE_STANDARD = gnu11;
				GCC_DYNAMIC_NO_PIC = NO;
				GCC_NO_COMMON_BLOCKS = YES;
				GCC_OPTIMIZATION_LEVEL = 0;
				GCC_PREPROCESSOR_DEFINITIONS = (
					"DEBUG=1",
					"$(inherited)",
				);
				GCC_WARN_64_TO_32_BIT_CONVERSION = YES;
				GCC_WARN_ABOUT_RETURN_TYPE = YES_ERROR;
				GCC_WARN_UNDECLARED_SELECTOR = YES;
				GCC_WARN_UNINITIALIZED_AUTOS = YES_AGGRESSIVE;
				GCC_WARN_UNUSED_FUNCTION = YES;
				GCC_WARN_UNUSED_VARIABLE = YES;
				IPHONEOS_DEPLOYMENT_TARGET = 11.3;
				MTL_ENABLE_DEBUG_INFO = YES;
				ONLY_ACTIVE_ARCH = YES;
				SDKROOT = iphoneos;
			};
			name = Debug;
		};
		F5D5E9662367E4B5002BDCBA /* Release */ = {
			isa = XCBuildConfiguration;
			buildSettings = {
				ALWAYS_SEARCH_USER_PATHS = NO;
				CLANG_ANALYZER_NONNULL = YES;
				CLANG_ANALYZER_NUMBER_OBJECT_CONVERSION = YES_AGGRESSIVE;
				CLANG_CXX_LANGUAGE_STANDARD = "gnu++14";
				CLANG_CXX_LIBRARY = "libc++";
				CLANG_ENABLE_MODULES = YES;
				CLANG_ENABLE_OBJC_ARC = YES;
				CLANG_ENABLE_OBJC_WEAK = YES;
				CLANG_WARN_BLOCK_CAPTURE_AUTORELEASING = YES;
				CLANG_WARN_BOOL_CONVERSION = YES;
				CLANG_WARN_COMMA = YES;
				CLANG_WARN_CONSTANT_CONVERSION = YES;
				CLANG_WARN_DEPRECATED_OBJC_IMPLEMENTATIONS = YES;
				CLANG_WARN_DIRECT_OBJC_ISA_USAGE = YES_ERROR;
				CLANG_WARN_DOCUMENTATION_COMMENTS = YES;
				CLANG_WARN_EMPTY_BODY = YES;
				CLANG_WARN_ENUM_CONVERSION = YES;
				CLANG_WARN_INFINITE_RECURSION = YES;
				CLANG_WARN_INT_CONVERSION = YES;
				CLANG_WARN_NON_LITERAL_NULL_CONVERSION = YES;
				CLANG_WARN_OBJC_IMPLICIT_RETAIN_SELF = YES;
				CLANG_WARN_OBJC_LITERAL_CONVERSION = YES;
				CLANG_WARN_OBJC_ROOT_CLASS = YES_ERROR;
				CLANG_WARN_RANGE_LOOP_ANALYSIS = YES;
				CLANG_WARN_STRICT_PROTOTYPES = YES;
				CLANG_WARN_SUSPICIOUS_MOVE = YES;
				CLANG_WARN_UNGUARDED_AVAILABILITY = YES_AGGRESSIVE;
				CLANG_WARN_UNREACHABLE_CODE = YES;
				CLANG_WARN__DUPLICATE_METHOD_MATCH = YES;
				CODE_SIGN_IDENTITY = "iPhone Developer";
				COPY_PHASE_STRIP = NO;
				DEBUG_INFORMATION_FORMAT = "dwarf-with-dsym";
				ENABLE_NS_ASSERTIONS = NO;
				ENABLE_STRICT_OBJC_MSGSEND = YES;
				GCC_C_LANGUAGE_STANDARD = gnu11;
				GCC_NO_COMMON_BLOCKS = YES;
				GCC_WARN_64_TO_32_BIT_CONVERSION = YES;
				GCC_WARN_ABOUT_RETURN_TYPE = YES_ERROR;
				GCC_WARN_UNDECLARED_SELECTOR = YES;
				GCC_WARN_UNINITIALIZED_AUTOS = YES_AGGRESSIVE;
				GCC_WARN_UNUSED_FUNCTION = YES;
				GCC_WARN_UNUSED_VARIABLE = YES;
				IPHONEOS_DEPLOYMENT_TARGET = 11.3;
				MTL_ENABLE_DEBUG_INFO = NO;
				SDKROOT = iphoneos;
				VALIDATE_PRODUCT = YES;
			};
			name = Release;
		};
		F5D5E9682367E4B5002BDCBA /* Debug */ = {
			isa = XCBuildConfiguration;
			buildSettings = {
				ASSETCATALOG_COMPILER_APPICON_NAME = AppIcon;
				CODE_SIGN_STYLE = Automatic;
				INFOPLIST_FILE = CreateEveryKindFilesDemo/Info.plist;
				LD_RUNPATH_SEARCH_PATHS = (
					"$(inherited)",
					"@executable_path/Frameworks",
				);
				PRODUCT_BUNDLE_IDENTIFIER = com.xum.example.CreateEveryKindFilesDemo;
				PRODUCT_NAME = "$(TARGET_NAME)";
				TARGETED_DEVICE_FAMILY = "1,2";
			};
			name = Debug;
		};
		F5D5E9692367E4B5002BDCBA /* Release */ = {
			isa = XCBuildConfiguration;
			buildSettings = {
				ASSETCATALOG_COMPILER_APPICON_NAME = AppIcon;
				CODE_SIGN_STYLE = Automatic;
				INFOPLIST_FILE = CreateEveryKindFilesDemo/Info.plist;
				LD_RUNPATH_SEARCH_PATHS = (
					"$(inherited)",
					"@executable_path/Frameworks",
				);
				PRODUCT_BUNDLE_IDENTIFIER = com.xum.example.CreateEveryKindFilesDemo;
				PRODUCT_NAME = "$(TARGET_NAME)";
				TARGETED_DEVICE_FAMILY = "1,2";
			};
			name = Release;
		};
/* End XCBuildConfiguration section */

/* Begin XCConfigurationList section */
		F5D5E94C2367E4A4002BDCBA /* Build configuration list for PBXProject "CreateEveryKindFilesDemo" */ = {
			isa = XCConfigurationList;
			buildConfigurations = (
				F5D5E9652367E4B5002BDCBA /* Debug */,
				F5D5E9662367E4B5002BDCBA /* Release */,
			);
			defaultConfigurationIsVisible = 0;
			defaultConfigurationName = Release;
		};
		F5D5E9672367E4B5002BDCBA /* Build configuration list for PBXNativeTarget "CreateEveryKindFilesDemo" */ = {
			isa = XCConfigurationList;
			buildConfigurations = (
				F5D5E9682367E4B5002BDCBA /* Debug */,
				F5D5E9692367E4B5002BDCBA /* Release */,
			);
			defaultConfigurationIsVisible = 0;
			defaultConfigurationName = Release;
		};
/* End XCConfigurationList section */
	};
	rootObject = F5D5E9492367E4A4002BDCBA /* Project object */;
}
